
Microsoft Visual Studio Solution File, Format Version 12.00
# Visual Studio Version 17
VisualStudioVersion = 17.2.32616.157
MinimumVisualStudioVersion = 10.0.40219.1
Project("{FAE04EC0-301F-11D3-BF4B-00C04F79EFBC}") = "WebApplication1", "WebApplication1\WebApplication1.csproj", "{9B0404F9-11D3-4D45-BA59-8D8F7C8406B2}"
EndProject
Global
	GlobalSection(SolutionConfigurationPlatforms) = preSolution
		Debug|Any CPU = Debug|Any CPU
		Release|Any CPU = Release|Any CPU
	EndGlobalSection
	GlobalSection(ProjectConfigurationPlatforms) = postSolution
		{9B0404F9-11D3-4D45-BA59-8D8F7C8406B2}.Debug|Any CPU.ActiveCfg = Debug|Any CPU
		{9B0404F9-11D3-4D45-BA59-8D8F7C8406B2}.Debug|Any CPU.Build.0 = Debug|Any CPU
		{9B0404F9-11D3-4D45-BA59-8D8F7C8406B2}.Release|Any CPU.ActiveCfg = Release|Any CPU
		{9B0404F9-11D3-4D45-BA59-8D8F7C8406B2}.Release|Any CPU.Build.0 = Release|Any CPU
	EndGlobalSection
	GlobalSection(SolutionProperties) = preSolution
		HideSolutionNode = FALSE
	EndGlobalSection
	GlobalSection(ExtensibilityGlobals) = postSolution
		SolutionGuid = {CC20F843-780D-470B-A0B6-29D29F8EA6F1}
	EndGlobalSection
EndGlobal
